// !$*UTF8*$!
{
	archiveVersion = 1;
	classes = {
	};
	objectVersion = 56;
	objects = {

/* Begin PBXBuildFile section */
		04342B1C2A0DC5C6005583C1 /* FavouritesView.swift in Sources */ = {isa = PBXBuildFile; fileRef = 04342B1B2A0DC5C6005583C1 /* FavouritesView.swift */; };
		04342B1E2A0DCB57005583C1 /* MainView.swift in Sources */ = {isa = PBXBuildFile; fileRef = 04342B1D2A0DCB57005583C1 /* MainView.swift */; };
		04342B202A0DD1F6005583C1 /* ClassroomsView.swift in Sources */ = {isa = PBXBuildFile; fileRef = 04342B1F2A0DD1F6005583C1 /* ClassroomsView.swift */; };
		04342B222A0DDCC2005583C1 /* Favourites.swift in Sources */ = {isa = PBXBuildFile; fileRef = 04342B212A0DDCC2005583C1 /* Favourites.swift */; };
		04342B242A0DE351005583C1 /* TappableButton.swift in Sources */ = {isa = PBXBuildFile; fileRef = 04342B232A0DE351005583C1 /* TappableButton.swift */; };
		047574C62A03105700CD606F /* TutorialView.swift in Sources */ = {isa = PBXBuildFile; fileRef = 047574C52A03105700CD606F /* TutorialView.swift */; };
		047574CA2A0341C800CD606F /* Zoom.swift in Sources */ = {isa = PBXBuildFile; fileRef = 047574C92A0341C800CD606F /* Zoom.swift */; };
		04BF9BCD2A006F1600D66781 /* MountDoug_MapsApp.swift in Sources */ = {isa = PBXBuildFile; fileRef = 04BF9BCC2A006F1600D66781 /* MountDoug_MapsApp.swift */; };
		04BF9BD12A006F1700D66781 /* Assets.xcassets in Resources */ = {isa = PBXBuildFile; fileRef = 04BF9BD02A006F1700D66781 /* Assets.xcassets */; };
		04BF9BD42A006F1700D66781 /* Preview Assets.xcassets in Resources */ = {isa = PBXBuildFile; fileRef = 04BF9BD32A006F1700D66781 /* Preview Assets.xcassets */; };
		04BF9BDB2A00C64000D66781 /* MapView.swift in Sources */ = {isa = PBXBuildFile; fileRef = 04BF9BDA2A00C64000D66781 /* MapView.swift */; };
		04DAFCFC2A038CA4003DDF78 /* InfoView.swift in Sources */ = {isa = PBXBuildFile; fileRef = 04DAFCFB2A038CA4003DDF78 /* InfoView.swift */; };
/* End PBXBuildFile section */

/* Begin PBXFileReference section */
		04342B1B2A0DC5C6005583C1 /* FavouritesView.swift */ = {isa = PBXFileReference; lastKnownFileType = sourcecode.swift; path = FavouritesView.swift; sourceTree = "<group>"; };
		04342B1D2A0DCB57005583C1 /* MainView.swift */ = {isa = PBXFileReference; lastKnownFileType = sourcecode.swift; path = MainView.swift; sourceTree = "<group>"; };
		04342B1F2A0DD1F6005583C1 /* ClassroomsView.swift */ = {isa = PBXFileReference; lastKnownFileType = sourcecode.swift; path = ClassroomsView.swift; sourceTree = "<group>"; };
		04342B212A0DDCC2005583C1 /* Favourites.swift */ = {isa = PBXFileReference; lastKnownFileType = sourcecode.swift; path = Favourites.swift; sourceTree = "<group>"; };
		04342B232A0DE351005583C1 /* TappableButton.swift */ = {isa = PBXFileReference; lastKnownFileType = sourcecode.swift; name = TappableButton.swift; path = ../TappableButton.swift; sourceTree = "<group>"; };
		047574C52A03105700CD606F /* TutorialView.swift */ = {isa = PBXFileReference; lastKnownFileType = sourcecode.swift; path = TutorialView.swift; sourceTree = "<group>"; };
		047574C92A0341C800CD606F /* Zoom.swift */ = {isa = PBXFileReference; lastKnownFileType = sourcecode.swift; path = Zoom.swift; sourceTree = "<group>"; };
		04BF9BC92A006F1600D66781 /* MountDoug Maps.app */ = {isa = PBXFileReference; explicitFileType = wrapper.application; includeInIndex = 0; path = "MountDoug Maps.app"; sourceTree = BUILT_PRODUCTS_DIR; };
		04BF9BCC2A006F1600D66781 /* MountDoug_MapsApp.swift */ = {isa = PBXFileReference; lastKnownFileType = sourcecode.swift; path = MountDoug_MapsApp.swift; sourceTree = "<group>"; };
		04BF9BD02A006F1700D66781 /* Assets.xcassets */ = {isa = PBXFileReference; lastKnownFileType = folder.assetcatalog; path = Assets.xcassets; sourceTree = "<group>"; };
		04BF9BD32A006F1700D66781 /* Preview Assets.xcassets */ = {isa = PBXFileReference; lastKnownFileType = folder.assetcatalog; path = "Preview Assets.xcassets"; sourceTree = "<group>"; };
		04BF9BDA2A00C64000D66781 /* MapView.swift */ = {isa = PBXFileReference; lastKnownFileType = sourcecode.swift; path = MapView.swift; sourceTree = "<group>"; };
		04DAFCFB2A038CA4003DDF78 /* InfoView.swift */ = {isa = PBXFileReference; lastKnownFileType = sourcecode.swift; path = InfoView.swift; sourceTree = "<group>"; };
/* End PBXFileReference section */

/* Begin PBXFrameworksBuildPhase section */
		04BF9BC62A006F1600D66781 /* Frameworks */ = {
			isa = PBXFrameworksBuildPhase;
			buildActionMask = 2147483647;
			files = (
			);
			runOnlyForDeploymentPostprocessing = 0;
		};
/* End PBXFrameworksBuildPhase section */

/* Begin PBXGroup section */
		047574CB2A03443300CD606F /* Views */ = {
			isa = PBXGroup;
			children = (
				04342B1D2A0DCB57005583C1 /* MainView.swift */,
				04342B1F2A0DD1F6005583C1 /* ClassroomsView.swift */,
				04342B1B2A0DC5C6005583C1 /* FavouritesView.swift */,
				04DAFCFB2A038CA4003DDF78 /* InfoView.swift */,
				047574C52A03105700CD606F /* TutorialView.swift */,
				04BF9BDA2A00C64000D66781 /* MapView.swift */,
			);
			path = Views;
			sourceTree = "<group>";
		};
		04BF9BC02A006F1600D66781 = {
			isa = PBXGroup;
			children = (
				04BF9BCB2A006F1600D66781 /* MountDoug Maps */,
				04BF9BCA2A006F1600D66781 /* Products */,
			);
			sourceTree = "<group>";
			wrapsLines = 1;
		};
		04BF9BCA2A006F1600D66781 /* Products */ = {
			isa = PBXGroup;
			children = (
				04BF9BC92A006F1600D66781 /* MountDoug Maps.app */,
			);
			name = Products;
			sourceTree = "<group>";
		};
		04BF9BCB2A006F1600D66781 /* MountDoug Maps */ = {
			isa = PBXGroup;
			children = (
				04342B232A0DE351005583C1 /* TappableButton.swift */,
				04BF9BCC2A006F1600D66781 /* MountDoug_MapsApp.swift */,
				04342B212A0DDCC2005583C1 /* Favourites.swift */,
				047574C92A0341C800CD606F /* Zoom.swift */,
				047574CB2A03443300CD606F /* Views */,
				04BF9BD02A006F1700D66781 /* Assets.xcassets */,
				04BF9BD22A006F1700D66781 /* Preview Content */,
			);
			path = "MountDoug Maps";
			sourceTree = "<group>";
		};
		04BF9BD22A006F1700D66781 /* Preview Content */ = {
			isa = PBXGroup;
			children = (
				04BF9BD32A006F1700D66781 /* Preview Assets.xcassets */,
			);
			path = "Preview Content";
			sourceTree = "<group>";
		};
/* End PBXGroup section */

/* Begin PBXNativeTarget section */
		04BF9BC82A006F1600D66781 /* MountDoug Maps */ = {
			isa = PBXNativeTarget;
			buildConfigurationList = 04BF9BD72A006F1700D66781 /* Build configuration list for PBXNativeTarget "MountDoug Maps" */;
			buildPhases = (
				04BF9BC52A006F1600D66781 /* Sources */,
				04BF9BC62A006F1600D66781 /* Frameworks */,
				04BF9BC72A006F1600D66781 /* Resources */,
			);
			buildRules = (
			);
			dependencies = (
			);
			name = "MountDoug Maps";
			productName = "MountDoug Maps";
			productReference = 04BF9BC92A006F1600D66781 /* MountDoug Maps.app */;
			productType = "com.apple.product-type.application";
		};
/* End PBXNativeTarget section */

/* Begin PBXProject section */
		04BF9BC12A006F1600D66781 /* Project object */ = {
			isa = PBXProject;
			attributes = {
				BuildIndependentTargetsInParallel = 1;
				LastSwiftUpdateCheck = 1430;
				LastUpgradeCheck = 1430;
				TargetAttributes = {
					04BF9BC82A006F1600D66781 = {
						CreatedOnToolsVersion = 14.3;
					};
				};
			};
			buildConfigurationList = 04BF9BC42A006F1600D66781 /* Build configuration list for PBXProject "MountDoug Maps" */;
			compatibilityVersion = "Xcode 14.0";
			developmentRegion = en;
			hasScannedForEncodings = 0;
			knownRegions = (
				en,
				Base,
			);
			mainGroup = 04BF9BC02A006F1600D66781;
			productRefGroup = 04BF9BCA2A006F1600D66781 /* Products */;
			projectDirPath = "";
			projectRoot = "";
			targets = (
				04BF9BC82A006F1600D66781 /* MountDoug Maps */,
			);
		};
/* End PBXProject section */

/* Begin PBXResourcesBuildPhase section */
		04BF9BC72A006F1600D66781 /* Resources */ = {
			isa = PBXResourcesBuildPhase;
			buildActionMask = 2147483647;
			files = (
				04BF9BD42A006F1700D66781 /* Preview Assets.xcassets in Resources */,
				04BF9BD12A006F1700D66781 /* Assets.xcassets in Resources */,
			);
			runOnlyForDeploymentPostprocessing = 0;
		};
/* End PBXResourcesBuildPhase section */

/* Begin PBXSourcesBuildPhase section */
		04BF9BC52A006F1600D66781 /* Sources */ = {
			isa = PBXSourcesBuildPhase;
			buildActionMask = 2147483647;
			files = (
				047574C62A03105700CD606F /* TutorialView.swift in Sources */,
				04342B202A0DD1F6005583C1 /* ClassroomsView.swift in Sources */,
				04342B1E2A0DCB57005583C1 /* MainView.swift in Sources */,
				047574CA2A0341C800CD606F /* Zoom.swift in Sources */,
				04BF9BDB2A00C64000D66781 /* MapView.swift in Sources */,
				04DAFCFC2A038CA4003DDF78 /* InfoView.swift in Sources */,
				04342B1C2A0DC5C6005583C1 /* FavouritesView.swift in Sources */,
				04342B222A0DDCC2005583C1 /* Favourites.swift in Sources */,
				04342B242A0DE351005583C1 /* TappableButton.swift in Sources */,
				04BF9BCD2A006F1600D66781 /* MountDoug_MapsApp.swift in Sources */,
			);
			runOnlyForDeploymentPostprocessing = 0;
		};
/* End PBXSourcesBuildPhase section */

/* Begin XCBuildConfiguration section */
		04BF9BD52A006F1700D66781 /* Debug */ = {
			isa = XCBuildConfiguration;
			buildSettings = {
				ALWAYS_SEARCH_USER_PATHS = NO;
				CLANG_ANALYZER_NONNULL = YES;
				CLANG_ANALYZER_NUMBER_OBJECT_CONVERSION = YES_AGGRESSIVE;
				CLANG_CXX_LANGUAGE_STANDARD = "gnu++20";
				CLANG_ENABLE_MODULES = YES;
				CLANG_ENABLE_OBJC_ARC = YES;
				CLANG_ENABLE_OBJC_WEAK = YES;
				CLANG_WARN_BLOCK_CAPTURE_AUTORELEASING = YES;
				CLANG_WARN_BOOL_CONVERSION = YES;
				CLANG_WARN_COMMA = YES;
				CLANG_WARN_CONSTANT_CONVERSION = YES;
				CLANG_WARN_DEPRECATED_OBJC_IMPLEMENTATIONS = YES;
				CLANG_WARN_DIRECT_OBJC_ISA_USAGE = YES_ERROR;
				CLANG_WARN_DOCUMENTATION_COMMENTS = YES;
				CLANG_WARN_EMPTY_BODY = YES;
				CLANG_WARN_ENUM_CONVERSION = YES;
				CLANG_WARN_INFINITE_RECURSION = YES;
				CLANG_WARN_INT_CONVERSION = YES;
				CLANG_WARN_NON_LITERAL_NULL_CONVERSION = YES;
				CLANG_WARN_OBJC_IMPLICIT_RETAIN_SELF = YES;
				CLANG_WARN_OBJC_LITERAL_CONVERSION = YES;
				CLANG_WARN_OBJC_ROOT_CLASS = YES_ERROR;
				CLANG_WARN_QUOTED_INCLUDE_IN_FRAMEWORK_HEADER = YES;
				CLANG_WARN_RANGE_LOOP_ANALYSIS = YES;
				CLANG_WARN_STRICT_PROTOTYPES = YES;
				CLANG_WARN_SUSPICIOUS_MOVE = YES;
				CLANG_WARN_UNGUARDED_AVAILABILITY = YES_AGGRESSIVE;
				CLANG_WARN_UNREACHABLE_CODE = YES;
				CLANG_WARN__DUPLICATE_METHOD_MATCH = YES;
				COPY_PHASE_STRIP = NO;
				DEBUG_INFORMATION_FORMAT = dwarf;
				ENABLE_STRICT_OBJC_MSGSEND = YES;
				ENABLE_TESTABILITY = YES;
				GCC_C_LANGUAGE_STANDARD = gnu11;
				GCC_DYNAMIC_NO_PIC = NO;
				GCC_NO_COMMON_BLOCKS = YES;
				GCC_OPTIMIZATION_LEVEL = 0;
				GCC_PREPROCESSOR_DEFINITIONS = (
					"DEBUG=1",
					"$(inherited)",
				);
				GCC_WARN_64_TO_32_BIT_CONVERSION = YES;
				GCC_WARN_ABOUT_RETURN_TYPE = YES_ERROR;
				GCC_WARN_UNDECLARED_SELECTOR = YES;
				GCC_WARN_UNINITIALIZED_AUTOS = YES_AGGRESSIVE;
				GCC_WARN_UNUSED_FUNCTION = YES;
				GCC_WARN_UNUSED_VARIABLE = YES;
				IPHONEOS_DEPLOYMENT_TARGET = 16.4;
				MTL_ENABLE_DEBUG_INFO = INCLUDE_SOURCE;
				MTL_FAST_MATH = YES;
				ONLY_ACTIVE_ARCH = YES;
				SDKROOT = iphoneos;
				SWIFT_ACTIVE_COMPILATION_CONDITIONS = DEBUG;
				SWIFT_OPTIMIZATION_LEVEL = "-Onone";
			};
			name = Debug;
		};
		04BF9BD62A006F1700D66781 /* Release */ = {
			isa = XCBuildConfiguration;
			buildSettings = {
				ALWAYS_SEARCH_USER_PATHS = NO;
				CLANG_ANALYZER_NONNULL = YES;
				CLANG_ANALYZER_NUMBER_OBJECT_CONVERSION = YES_AGGRESSIVE;
				CLANG_CXX_LANGUAGE_STANDARD = "gnu++20";
				CLANG_ENABLE_MODULES = YES;
				CLANG_ENABLE_OBJC_ARC = YES;
				CLANG_ENABLE_OBJC_WEAK = YES;
				CLANG_WARN_BLOCK_CAPTURE_AUTORELEASING = YES;
				CLANG_WARN_BOOL_CONVERSION = YES;
				CLANG_WARN_COMMA = YES;
				CLANG_WARN_CONSTANT_CONVERSION = YES;
				CLANG_WARN_DEPRECATED_OBJC_IMPLEMENTATIONS = YES;
				CLANG_WARN_DIRECT_OBJC_ISA_USAGE = YES_ERROR;
				CLANG_WARN_DOCUMENTATION_COMMENTS = YES;
				CLANG_WARN_EMPTY_BODY = YES;
				CLANG_WARN_ENUM_CONVERSION = YES;
				CLANG_WARN_INFINITE_RECURSION = YES;
				CLANG_WARN_INT_CONVERSION = YES;
				CLANG_WARN_NON_LITERAL_NULL_CONVERSION = YES;
				CLANG_WARN_OBJC_IMPLICIT_RETAIN_SELF = YES;
				CLANG_WARN_OBJC_LITERAL_CONVERSION = YES;
				CLANG_WARN_OBJC_ROOT_CLASS = YES_ERROR;
				CLANG_WARN_QUOTED_INCLUDE_IN_FRAMEWORK_HEADER = YES;
				CLANG_WARN_RANGE_LOOP_ANALYSIS = YES;
				CLANG_WARN_STRICT_PROTOTYPES = YES;
				CLANG_WARN_SUSPICIOUS_MOVE = YES;
				CLANG_WARN_UNGUARDED_AVAILABILITY = YES_AGGRESSIVE;
				CLANG_WARN_UNREACHABLE_CODE = YES;
				CLANG_WARN__DUPLICATE_METHOD_MATCH = YES;
				COPY_PHASE_STRIP = NO;
				DEBUG_INFORMATION_FORMAT = "dwarf-with-dsym";
				ENABLE_NS_ASSERTIONS = NO;
				ENABLE_STRICT_OBJC_MSGSEND = YES;
				GCC_C_LANGUAGE_STANDARD = gnu11;
				GCC_NO_COMMON_BLOCKS = YES;
				GCC_WARN_64_TO_32_BIT_CONVERSION = YES;
				GCC_WARN_ABOUT_RETURN_TYPE = YES_ERROR;
				GCC_WARN_UNDECLARED_SELECTOR = YES;
				GCC_WARN_UNINITIALIZED_AUTOS = YES_AGGRESSIVE;
				GCC_WARN_UNUSED_FUNCTION = YES;
				GCC_WARN_UNUSED_VARIABLE = YES;
				IPHONEOS_DEPLOYMENT_TARGET = 16.4;
				MTL_ENABLE_DEBUG_INFO = NO;
				MTL_FAST_MATH = YES;
				SDKROOT = iphoneos;
				SWIFT_COMPILATION_MODE = wholemodule;
				SWIFT_OPTIMIZATION_LEVEL = "-O";
				VALIDATE_PRODUCT = YES;
			};
			name = Release;
		};
		04BF9BD82A006F1700D66781 /* Debug */ = {
			isa = XCBuildConfiguration;
			buildSettings = {
				ASSETCATALOG_COMPILER_APPICON_NAME = AppIcon;
				ASSETCATALOG_COMPILER_GLOBAL_ACCENT_COLOR_NAME = AccentColour;
				CODE_SIGN_STYLE = Automatic;
				CURRENT_PROJECT_VERSION = 1;
				DEVELOPMENT_ASSET_PATHS = "\"MountDoug Maps/Preview Content\"";
				DEVELOPMENT_TEAM = GHCD4XURSN;
				ENABLE_PREVIEWS = YES;
				GENERATE_INFOPLIST_FILE = YES;
				INFOPLIST_KEY_CFBundleDisplayName = "MountDoug Maps";
				INFOPLIST_KEY_UIApplicationSceneManifest_Generation = YES;
				INFOPLIST_KEY_UIApplicationSupportsIndirectInputEvents = YES;
				INFOPLIST_KEY_UILaunchScreen_Generation = YES;
				INFOPLIST_KEY_UISupportedInterfaceOrientations_iPad = "UIInterfaceOrientationPortrait UIInterfaceOrientationPortraitUpsideDown UIInterfaceOrientationLandscapeLeft UIInterfaceOrientationLandscapeRight";
				INFOPLIST_KEY_UISupportedInterfaceOrientations_iPhone = "UIInterfaceOrientationPortrait UIInterfaceOrientationLandscapeLeft UIInterfaceOrientationLandscapeRight";
				LD_RUNPATH_SEARCH_PATHS = (
					"$(inherited)",
					"@executable_path/Frameworks",
				);
				MARKETING_VERSION = 1.0;
				PRODUCT_BUNDLE_IDENTIFIER = "aberktin.MountDoug-Maps";
				PRODUCT_NAME = "$(TARGET_NAME)";
				SWIFT_EMIT_LOC_STRINGS = YES;
				SWIFT_VERSION = 5.0;
				TARGETED_DEVICE_FAMILY = "1,2";
			};
			name = Debug;
		};
		04BF9BD92A006F1700D66781 /* Release */ = {
			isa = XCBuildConfiguration;
			buildSettings = {
				ASSETCATALOG_COMPILER_APPICON_NAME = AppIcon;
				ASSETCATALOG_COMPILER_GLOBAL_ACCENT_COLOR_NAME = AccentColour;
				CODE_SIGN_STYLE = Automatic;
				CURRENT_PROJECT_VERSION = 1;
				DEVELOPMENT_ASSET_PATHS = "\"MountDoug Maps/Preview Content\"";
				DEVELOPMENT_TEAM = GHCD4XURSN;
				ENABLE_PREVIEWS = YES;
				GENERATE_INFOPLIST_FILE = YES;
				INFOPLIST_KEY_CFBundleDisplayName = "MountDoug Maps";
				INFOPLIST_KEY_UIApplicationSceneManifest_Generation = YES;
				INFOPLIST_KEY_UIApplicationSupportsIndirectInputEvents = YES;
				INFOPLIST_KEY_UILaunchScreen_Generation = YES;
				INFOPLIST_KEY_UISupportedInterfaceOrientations_iPad = "UIInterfaceOrientationPortrait UIInterfaceOrientationPortraitUpsideDown UIInterfaceOrientationLandscapeLeft UIInterfaceOrientationLandscapeRight";
				INFOPLIST_KEY_UISupportedInterfaceOrientations_iPhone = "UIInterfaceOrientationPortrait UIInterfaceOrientationLandscapeLeft UIInterfaceOrientationLandscapeRight";
				LD_RUNPATH_SEARCH_PATHS = (
					"$(inherited)",
					"@executable_path/Frameworks",
				);
				MARKETING_VERSION = 1.0;
				PRODUCT_BUNDLE_IDENTIFIER = "aberktin.MountDoug-Maps";
				PRODUCT_NAME = "$(TARGET_NAME)";
				SWIFT_EMIT_LOC_STRINGS = YES;
				SWIFT_VERSION = 5.0;
				TARGETED_DEVICE_FAMILY = "1,2";
			};
			name = Release;
		};
/* End XCBuildConfiguration section */

/* Begin XCConfigurationList section */
		04BF9BC42A006F1600D66781 /* Build configuration list for PBXProject "MountDoug Maps" */ = {
			isa = XCConfigurationList;
			buildConfigurations = (
				04BF9BD52A006F1700D66781 /* Debug */,
				04BF9BD62A006F1700D66781 /* Release */,
			);
			defaultConfigurationIsVisible = 0;
			defaultConfigurationName = Release;
		};
		04BF9BD72A006F1700D66781 /* Build configuration list for PBXNativeTarget "MountDoug Maps" */ = {
			isa = XCConfigurationList;
			buildConfigurations = (
				04BF9BD82A006F1700D66781 /* Debug */,
				04BF9BD92A006F1700D66781 /* Release */,
			);
			defaultConfigurationIsVisible = 0;
			defaultConfigurationName = Release;
		};
/* End XCConfigurationList section */
	};
	rootObject = 04BF9BC12A006F1600D66781 /* Project object */;
}
